<?xml version="1.0" encoding="utf-8"?>
<Project ToolsVersion="4.0" xmlns="http://schemas.microsoft.com/developer/msbuild/2003">
  <ItemGroup>
    <Filter Include="Server">
      <UniqueIdentifier>{239050d2-3043-425f-862e-908ec1ebb953}</UniqueIdentifier>
    </Filter>
    <Filter Include="Client">
      <UniqueIdentifier>{0ca8a440-1e61-479f-9ac7-1af15dcf0e2d}</UniqueIdentifier>
    </Filter>
  </ItemGroup>
  <ItemGroup>
    <ClCompile Include="Server.cpp">
      <Filter>Server</Filter>
    </ClCompile>
    <ClCompile Include="Client.cpp">
      <Filter>Client</Filter>
    </ClCompile>
    <ClCompile Include="Server.h">
      <Filter>Server</Filter>
    </ClCompile>
    <ClCompile Include="TCPServer.cpp">
      <Filter>Server</Filter>
    </ClCompile>
    <ClCompile Include="TCPClient.cpp">
      <Filter>Client</Filter>
    </ClCompile>
    <ClCompile Include="UDPServer.cpp">
      <Filter>Server</Filter>
    </ClCompile>
    <ClCompile Include="UDPClient.cpp">
      <Filter>Client</Filter>
    </ClCompile>
  </ItemGroup>
  <ItemGroup>
    <ClInclude Include="Client.h">
      <Filter>Client</Filter>
    </ClInclude>
    <ClInclude Include="TCPServer.h">
      <Filter>Server</Filter>
    </ClInclude>
    <ClInclude Include="DataPackage.h">
      <Filter>Server</Filter>
    </ClInclude>
    <ClInclude Include="TCPClient.h">
      <Filter>Client</Filter>
    </ClInclude>
    <ClInclude Include="UDPServer.h">
      <Filter>Server</Filter>
    </ClInclude>
    <ClInclude Include="UDPClient.h">
      <Filter>Client</Filter>
    </ClInclude>
  </ItemGroup>
</Project>