
Microsoft Visual Studio Solution File, Format Version 12.00
# Visual Studio Version 17
VisualStudioVersion = 17.10.35122.118
MinimumVisualStudioVersion = 10.0.40219.1
Project("{8BC9CEB8-8B4A-11D0-8D11-00A0C91BC942}") = "Loom", "Loom\Loom.vcxproj", "{3813DE5F-D426-4B1E-9638-7CE2259E5C3F}"
EndProject
Project("{8BC9CEB8-8B4A-11D0-8D11-00A0C91BC942}") = "Pong", "Pong\Pong.vcxproj", "{2241C302-BA1A-4503-B195-5A85D56701F0}"
EndProject
Project("{8BC9CEB8-8B4A-11D0-8D11-00A0C91BC942}") = "Pong Server", "Pong Server\Pong Server.vcxproj", "{0DC9847A-0F9E-4C34-BC89-3D99E536B76C}"
EndProject
Project("{8BC9CEB8-8B4A-11D0-8D11-00A0C91BC942}") = "Pong Client", "Pong Client\Pong Client.vcxproj", "{7A669D68-3625-4062-8A42-58B3FDB4869A}"
EndProject
Project("{8BC9CEB8-8B4A-11D0-8D11-00A0C91BC942}") = "iGDS", "iGDS\iGDS.vcxproj", "{5412970C-B5B1-4C4E-892B-F56370D61630}"
	ProjectSection(ProjectDependencies) = postProject
		{3813DE5F-D426-4B1E-9638-7CE2259E5C3F} = {3813DE5F-D426-4B1E-9638-7CE2259E5C3F}
	EndProjectSection
EndProject
Global
	GlobalSection(SolutionConfigurationPlatforms) = preSolution
		Debug|x64 = Debug|x64
		Release|x64 = Release|x64
	EndGlobalSection
	GlobalSection(ProjectConfigurationPlatforms) = postSolution
		{3813DE5F-D426-4B1E-9638-7CE2259E5C3F}.Debug|x64.ActiveCfg = Debug|x64
		{3813DE5F-D426-4B1E-9638-7CE2259E5C3F}.Debug|x64.Build.0 = Debug|x64
		{3813DE5F-D426-4B1E-9638-7CE2259E5C3F}.Release|x64.ActiveCfg = Release|x64
		{3813DE5F-D426-4B1E-9638-7CE2259E5C3F}.Release|x64.Build.0 = Release|x64
		{2241C302-BA1A-4503-B195-5A85D56701F0}.Debug|x64.ActiveCfg = Debug|x64
		{2241C302-BA1A-4503-B195-5A85D56701F0}.Debug|x64.Build.0 = Debug|x64
		{2241C302-BA1A-4503-B195-5A85D56701F0}.Release|x64.ActiveCfg = Release|x64
		{2241C302-BA1A-4503-B195-5A85D56701F0}.Release|x64.Build.0 = Release|x64
		{0DC9847A-0F9E-4C34-BC89-3D99E536B76C}.Debug|x64.ActiveCfg = Debug|x64
		{0DC9847A-0F9E-4C34-BC89-3D99E536B76C}.Debug|x64.Build.0 = Debug|x64
		{0DC9847A-0F9E-4C34-BC89-3D99E536B76C}.Release|x64.ActiveCfg = Release|x64
		{0DC9847A-0F9E-4C34-BC89-3D99E536B76C}.Release|x64.Build.0 = Release|x64
		{7A669D68-3625-4062-8A42-58B3FDB4869A}.Debug|x64.ActiveCfg = Debug|x64
		{7A669D68-3625-4062-8A42-58B3FDB4869A}.Debug|x64.Build.0 = Debug|x64
		{7A669D68-3625-4062-8A42-58B3FDB4869A}.Release|x64.ActiveCfg = Release|x64
		{7A669D68-3625-4062-8A42-58B3FDB4869A}.Release|x64.Build.0 = Release|x64
		{5412970C-B5B1-4C4E-892B-F56370D61630}.Debug|x64.ActiveCfg = Debug|x64
		{5412970C-B5B1-4C4E-892B-F56370D61630}.Debug|x64.Build.0 = Debug|x64
		{5412970C-B5B1-4C4E-892B-F56370D61630}.Release|x64.ActiveCfg = Release|x64
		{5412970C-B5B1-4C4E-892B-F56370D61630}.Release|x64.Build.0 = Release|x64
	EndGlobalSection
	GlobalSection(SolutionProperties) = preSolution
		HideSolutionNode = FALSE
	EndGlobalSection
	GlobalSection(ExtensibilityGlobals) = postSolution
		SolutionGuid = {DD0672CE-D388-45CA-885C-64378CE9F240}
	EndGlobalSection
EndGlobal
