<?xml version="1.0" encoding="utf-8"?>
<Project ToolsVersion="4.0" xmlns="http://schemas.microsoft.com/developer/msbuild/2003">
  <ItemGroup>
    <ClCompile Include="ComponentRegistry.cpp">
      <Filter>Serialization</Filter>
    </ClCompile>
    <ClCompile Include="SceneSerializer.cpp">
      <Filter>Serialization</Filter>
    </ClCompile>
    <ClCompile Include="SerializedField.cpp">
      <Filter>Serialization</Filter>
    </ClCompile>
    <ClCompile Include="Guid.cpp">
      <Filter>Serialization</Filter>
    </ClCompile>
    <ClCompile Include="Engine.cpp">
      <Filter>Engine</Filter>
    </ClCompile>
    <ClCompile Include="Shaders.cpp">
      <Filter>Shaders</Filter>
    </ClCompile>
    <ClCompile Include="ShaderVariables.cpp">
      <Filter>Shaders</Filter>
    </ClCompile>
    <ClCompile Include="EditorGui.cpp">
      <Filter>Engine</Filter>
    </ClCompile>
    <ClCompile Include="Textures.cpp">
      <Filter>Textures</Filter>
    </ClCompile>
    <ClCompile Include="GameObject.cpp">
      <Filter>GameObject</Filter>
    </ClCompile>
    <ClCompile Include="Scene.cpp">
      <Filter>Scene</Filter>
    </ClCompile>
    <ClCompile Include="Component.cpp">
      <Filter>Component</Filter>
    </ClCompile>
    <ClCompile Include="LoomObject.cpp">
      <Filter>LoomObject</Filter>
    </ClCompile>
    <ClCompile Include="Mesh.cpp">
      <Filter>Mesh</Filter>
    </ClCompile>
    <ClCompile Include="Renderer.cpp">
      <Filter>Renderer</Filter>
    </ClCompile>
    <ClCompile Include="OpenGLRenderer.cpp">
      <Filter>Renderer</Filter>
    </ClCompile>
    <ClCompile Include="VulkanRenderer.cpp">
      <Filter>Renderer</Filter>
    </ClCompile>
    <ClCompile Include="$(VulkanSdk)\Source\SPIRV-Reflect\spirv_reflect.c">
      <Filter>Renderer</Filter>
    </ClCompile>
    <ClCompile Include="Light.cpp">
      <Filter>Light</Filter>
    </ClCompile>
    <ClCompile Include="Sprite.cpp">
      <Filter>Sprite</Filter>
    </ClCompile>
    <ClCompile Include="Camera.cpp">
      <Filter>Camera</Filter>
    </ClCompile>
    <ClCompile Include="Material.cpp">
      <Filter>Material</Filter>
    </ClCompile>
    <ClCompile Include="Geo.cpp">
      <Filter>Mesh\Geo</Filter>
    </ClCompile>
    <ClCompile Include="Input.cpp">
      <Filter>Input</Filter>
    </ClCompile>
    <ClCompile Include="Collider.cpp">
      <Filter>Collider</Filter>
    </ClCompile>
    <ClCompile Include="Utilities\StateMachine.cpp">
      <Filter>Utilities\State Machine</Filter>
    </ClCompile>
    <ClCompile Include="Utilities\StateMachineMonitor.cpp">
      <Filter>Utilities\State Machine</Filter>
    </ClCompile>
    <ClCompile Include="Utilities\StaticStateMachine.cpp">
      <Filter>Utilities\State Machine</Filter>
    </ClCompile>
    <ClCompile Include="Utilities\AttributeFields.cpp">
      <Filter>Utilities\Attributes</Filter>
    </ClCompile>
    <ClCompile Include="Utilities\AttributeGui.cpp">
      <Filter>Utilities\Attributes</Filter>
    </ClCompile>
    <ClCompile Include="Utilities\DialogueManager.cpp">
      <Filter>Utilities\Dialogue Manager</Filter>
    </ClCompile>
    <ClCompile Include="Utilities\DialogueStates.cpp">
      <Filter>Utilities\Dialogue Manager</Filter>
    </ClCompile>
    <ClCompile Include="Utilities\DialogueArgs.cpp">
      <Filter>Utilities\Dialogue Manager</Filter>
    </ClCompile>
    <ClCompile Include="Utilities\DialogueInput.cpp">
      <Filter>Utilities\Dialogue Manager</Filter>
    </ClCompile>
    <ClCompile Include="Utilities\SpriteManager.cpp">
      <Filter>Utilities\Sprite Manager</Filter>
    </ClCompile>
    <ClCompile Include="Utilities\SpriteSheetScanner.cpp">
      <Filter>Utilities\Sprite Manager</Filter>
    </ClCompile>
    <ClCompile Include="Utilities\AxisGui.cpp">
      <Filter>Utilities\General</Filter>
    </ClCompile>
    <ClCompile Include="Utilities\Clock.cpp">
      <Filter>Utilities\General</Filter>
    </ClCompile>
  </ItemGroup>
  <ItemGroup>
    <Filter Include="Engine">
      <UniqueIdentifier>{d68380b0-9ec1-4fef-8c12-5ad5b4f6e9a1}</UniqueIdentifier>
    </Filter>
    <Filter Include="Shaders">
      <UniqueIdentifier>{7426a2f4-d5ee-4af2-9f47-9b00f910a0d8}</UniqueIdentifier>
    </Filter>
    <Filter Include="Sprite">
      <UniqueIdentifier>{6f1c2a4e-5b7d-4e8f-9a3c-2d1e0f4b7a95}</UniqueIdentifier>
    </Filter>
    <Filter Include="Textures">
      <UniqueIdentifier>{ebdbd59a-850e-4312-a29a-cadf8029f34c}</UniqueIdentifier>
    </Filter>
    <Filter Include="GameObject">
      <UniqueIdentifier>{db635e61-683c-409c-8699-ce4d4b3c62ea}</UniqueIdentifier>
    </Filter>
    <Filter Include="Serialization">
      <UniqueIdentifier>{2c91e91d-367b-4c79-9b0a-95fd65f37842}</UniqueIdentifier>
    </Filter>
    <Filter Include="Scene">
      <UniqueIdentifier>{7db4ecc2-6272-47a5-8ee6-bbde35551518}</UniqueIdentifier>
    </Filter>
    <Filter Include="Component">
      <UniqueIdentifier>{ba645ed9-dd21-4996-ae99-2d84e036fa4f}</UniqueIdentifier>
    </Filter>
    <Filter Include="LoomObject">
      <UniqueIdentifier>{da5e6d83-c126-402d-9369-f5608d3305a6}</UniqueIdentifier>
    </Filter>
    <Filter Include="Camera">
      <UniqueIdentifier>{5c1e8a3d-7b42-4f19-9d6e-2a0b3c4d5e61}</UniqueIdentifier>
    </Filter>
    <Filter Include="Light">
      <UniqueIdentifier>{a752ee90-2fd7-414d-a687-c8263b629f37}</UniqueIdentifier>
    </Filter>
    <Filter Include="Renderer">
      <UniqueIdentifier>{5d0a3c7e-8f21-4b69-a4d2-1c7e9b3f6a85}</UniqueIdentifier>
    </Filter>
    <Filter Include="Mesh">
      <UniqueIdentifier>{8b6dc36d-46e9-4067-99f0-6d491f5b01cf}</UniqueIdentifier>
    </Filter>
    <Filter Include="Material">
      <UniqueIdentifier>{b527e8c1-d56b-4349-9a6d-dc47dd2ccded}</UniqueIdentifier>
    </Filter>
    <Filter Include="Mesh\Geo">
      <UniqueIdentifier>{f75128ee-8771-4c30-a14d-12592a33a57c}</UniqueIdentifier>
    </Filter>
    <Filter Include="Input">
      <UniqueIdentifier>{5f3ab2bf-b23a-4466-9a82-86ce58a9e896}</UniqueIdentifier>
    </Filter>
    <Filter Include="Collider">
      <UniqueIdentifier>{79e5837d-8e79-40fa-9abb-3bae41f32636}</UniqueIdentifier>
    </Filter>
    <Filter Include="Utilities">
      <UniqueIdentifier>{84e47e40-db34-4f36-b95c-95ec3a781700}</UniqueIdentifier>
    </Filter>
    <Filter Include="Utilities\State Machine">
      <UniqueIdentifier>{5595cfab-37e2-4566-8d25-66c79eda6453}</UniqueIdentifier>
    </Filter>
    <Filter Include="Utilities\Attributes">
      <UniqueIdentifier>{8e366e81-858c-4311-9de0-a816a1cb04d5}</UniqueIdentifier>
    </Filter>
    <Filter Include="Utilities\Dialogue Manager">
      <UniqueIdentifier>{e1743970-c75d-45ea-8232-b59ddc3a78c4}</UniqueIdentifier>
    </Filter>
    <Filter Include="Utilities\Sprite Manager">
      <UniqueIdentifier>{49b40d3b-34d0-417d-9be7-23f7ee4d7bd9}</UniqueIdentifier>
    </Filter>
    <Filter Include="Utilities\General">
      <UniqueIdentifier>{2c25cb42-cb0a-4ce4-844a-0d2a1567c1c3}</UniqueIdentifier>
    </Filter>
    <Filter Include="State">
      <UniqueIdentifier>{951f5181-3b26-4efc-b491-1b6912097593}</UniqueIdentifier>
    </Filter>
  </ItemGroup>
  <ItemGroup>
    <ClInclude Include="ComponentRegistry.h">
      <Filter>Serialization</Filter>
    </ClInclude>
    <ClInclude Include="SceneSerializer.h">
      <Filter>Serialization</Filter>
    </ClInclude>
    <ClInclude Include="Serial.h">
      <Filter>Serialization</Filter>
    </ClInclude>
    <ClInclude Include="SerializedField.h">
      <Filter>Serialization</Filter>
    </ClInclude>
    <ClInclude Include="Loom API.h">
      <Filter>Serialization</Filter>
    </ClInclude>
    <ClInclude Include="Guid.h">
      <Filter>Serialization</Filter>
    </ClInclude>
    <ClInclude Include="Engine.h">
      <Filter>Engine</Filter>
    </ClInclude>
    <ClInclude Include="Shaders.h">
      <Filter>Shaders</Filter>
    </ClInclude>
    <ClInclude Include="ShaderVariables.h">
      <Filter>Shaders</Filter>
    </ClInclude>
    <ClInclude Include="UniformType.h">
      <Filter>Renderer</Filter>
    </ClInclude>
    <ClInclude Include="EditorGui.h">
      <Filter>Engine</Filter>
    </ClInclude>
    <ClInclude Include="OpenGL.h" />
    <ClInclude Include="Sprite.h">
      <Filter>Sprite</Filter>
    </ClInclude>
    <ClInclude Include="Textures.h">
      <Filter>Textures</Filter>
    </ClInclude>
    <ClInclude Include="GameObject.h">
      <Filter>GameObject</Filter>
    </ClInclude>
    <ClInclude Include="Transform.h">
      <Filter>GameObject</Filter>
    </ClInclude>
    <ClInclude Include="Scene.h">
      <Filter>Scene</Filter>
    </ClInclude>
    <ClInclude Include="Component.h">
      <Filter>Component</Filter>
    </ClInclude>
    <ClInclude Include="LoomObject.h">
      <Filter>LoomObject</Filter>
    </ClInclude>
    <ClInclude Include="Mesh.h">
      <Filter>Mesh</Filter>
    </ClInclude>
    <ClInclude Include="Renderer.h">
      <Filter>Renderer</Filter>
    </ClInclude>
    <ClInclude Include="Light.h">
      <Filter>Light</Filter>
    </ClInclude>
    <ClInclude Include="Camera.h">
      <Filter>Camera</Filter>
    </ClInclude>
    <ClInclude Include="RenderMath.h">
      <Filter>Engine</Filter>
    </ClInclude>
    <ClInclude Include="Material.h">
      <Filter>Material</Filter>
    </ClInclude>
    <ClInclude Include="Geo.h">
      <Filter>Mesh\Geo</Filter>
    </ClInclude>
    <ClInclude Include="Macro Helpers.h" />
    <ClInclude Include="Input.h">
      <Filter>Input</Filter>
    </ClInclude>
    <ClInclude Include="Collider.h">
      <Filter>Collider</Filter>
    </ClInclude>
    <ClInclude Include="Loom.h" />
    <ClInclude Include="Utilities\hoZer.h">
      <Filter>Utilities</Filter>
    </ClInclude>
    <ClInclude Include="Utilities\State.h">
      <Filter>Utilities\State Machine</Filter>
    </ClInclude>
    <ClInclude Include="Utilities\StateMachine.h">
      <Filter>Utilities\State Machine</Filter>
    </ClInclude>
    <ClInclude Include="Utilities\StateMachineMonitor.h">
      <Filter>Utilities\State Machine</Filter>
    </ClInclude>
    <ClInclude Include="Utilities\StateReference.h">
      <Filter>Utilities\State Machine</Filter>
    </ClInclude>
    <ClInclude Include="Utilities\StaticStateMachine.h">
      <Filter>Utilities\State Machine</Filter>
    </ClInclude>
    <ClInclude Include="Utilities\CustomState.h">
      <Filter>Utilities\State Machine</Filter>
    </ClInclude>
    <ClInclude Include="Utilities\Attributes.h">
      <Filter>Utilities\Attributes</Filter>
    </ClInclude>
    <ClInclude Include="Utilities\AttributeFields.h">
      <Filter>Utilities\Attributes</Filter>
    </ClInclude>
    <ClInclude Include="Utilities\AttributeTriggers.h">
      <Filter>Utilities\Attributes</Filter>
    </ClInclude>
    <ClInclude Include="Utilities\Modifiers.h">
      <Filter>Utilities\Attributes</Filter>
    </ClInclude>
    <ClInclude Include="Utilities\AttributeGui.h">
      <Filter>Utilities\Attributes</Filter>
    </ClInclude>
    <ClInclude Include="Utilities\DialogueManager.h">
      <Filter>Utilities\Dialogue Manager</Filter>
    </ClInclude>
    <ClInclude Include="Utilities\DialogueStates.h">
      <Filter>Utilities\Dialogue Manager</Filter>
    </ClInclude>
    <ClInclude Include="Utilities\DialogueArgs.h">
      <Filter>Utilities\Dialogue Manager</Filter>
    </ClInclude>
    <ClInclude Include="Utilities\DialogueInput.h">
      <Filter>Utilities\Dialogue Manager</Filter>
    </ClInclude>
    <ClInclude Include="Utilities\SpriteManager.h">
      <Filter>Utilities\Sprite Manager</Filter>
    </ClInclude>
    <ClInclude Include="Utilities\SpriteSheetScanner.h">
      <Filter>Utilities\Sprite Manager</Filter>
    </ClInclude>
    <ClInclude Include="Utilities\Duration.h">
      <Filter>Utilities\General</Filter>
    </ClInclude>
    <ClInclude Include="Utilities\Gait.h">
      <Filter>Utilities\General</Filter>
    </ClInclude>
    <ClInclude Include="Utilities\SpeedManager.h">
      <Filter>Utilities\General</Filter>
    </ClInclude>
    <ClInclude Include="Utilities\AxisGui.h">
      <Filter>Utilities\General</Filter>
    </ClInclude>
    <ClInclude Include="Utilities\Clock.h">
      <Filter>Utilities\General</Filter>
    </ClInclude>
  </ItemGroup>
  <ItemGroup>
    <None Include="Utilities\Flipbook.shader">
      <Filter>Utilities\Sprite Manager</Filter>
    </None>
  </ItemGroup>
</Project>