<?xml version="1.0" encoding="utf-8"?>
<Project ToolsVersion="4.0" xmlns="http://schemas.microsoft.com/developer/msbuild/2003">
  <ItemGroup>
    <Filter Include="Tests">
      <UniqueIdentifier>{1b8c4e10-6a2f-4d33-9c7a-5e0f3a91d4b2}</UniqueIdentifier>
    </Filter>
    <Filter Include="Sources Under Test">
      <UniqueIdentifier>{2c9d5f21-7b30-4e44-ad8b-6f1a4b02e5c3}</UniqueIdentifier>
    </Filter>
  </ItemGroup>
  <ItemGroup>
    <ClCompile Include="main.cpp" />
    <ClCompile Include="Platform Tests.cpp">
      <Filter>Tests</Filter>
    </ClCompile>
    <ClCompile Include="Math Tests.cpp">
      <Filter>Tests</Filter>
    </ClCompile>
    <ClCompile Include="Macro Helpers Tests.cpp">
      <Filter>Tests</Filter>
    </ClCompile>
    <ClCompile Include="Engine Tests.cpp">
      <Filter>Tests</Filter>
    </ClCompile>
    <ClCompile Include="LoomObject Tests.cpp">
      <Filter>Tests</Filter>
    </ClCompile>
    <ClCompile Include="Component Tests.cpp">
      <Filter>Tests</Filter>
    </ClCompile>
    <ClCompile Include="GameObject Tests.cpp">
      <Filter>Tests</Filter>
    </ClCompile>
    <ClCompile Include="Scene Tests.cpp">
      <Filter>Tests</Filter>
    </ClCompile>
    <ClCompile Include="Camera Tests.cpp">
      <Filter>Tests</Filter>
    </ClCompile>
    <ClCompile Include="Light Tests.cpp">
      <Filter>Tests</Filter>
    </ClCompile>
    <ClCompile Include="EditorSettings Tests.cpp">
      <Filter>Tests</Filter>
    </ClCompile>
    <ClCompile Include="Sprite Tests.cpp">
      <Filter>Tests</Filter>
    </ClCompile>
    <ClCompile Include="Mesh Tests.cpp">
      <Filter>Tests</Filter>
    </ClCompile>
    <ClCompile Include="Material Tests.cpp">
      <Filter>Tests</Filter>
    </ClCompile>
    <ClCompile Include="Shaders Tests.cpp">
      <Filter>Tests</Filter>
    </ClCompile>
    <ClCompile Include="Textures Tests.cpp">
      <Filter>Tests</Filter>
    </ClCompile>
    <ClCompile Include="Collider Tests.cpp">
      <Filter>Tests</Filter>
    </ClCompile>
    <ClCompile Include="Input Tests.cpp">
      <Filter>Tests</Filter>
    </ClCompile>
    <ClCompile Include="Threading Tests.cpp">
      <Filter>Tests</Filter>
    </ClCompile>
    <ClCompile Include="AxisGui Tests.cpp">
      <Filter>Tests</Filter>
    </ClCompile>
    <ClCompile Include="WebPlayer Tests.cpp">
      <Filter>Tests</Filter>
    </ClCompile>
  </ItemGroup>
  <ItemGroup>
    <ClInclude Include="Test Support.h" />
  </ItemGroup>
</Project>
