<?xml version="1.0" encoding="utf-8"?>
<Project ToolsVersion="4.0" xmlns="http://schemas.microsoft.com/developer/msbuild/2003">
  <ItemGroup>
    <ClCompile Include="main_loom.cpp" />
    <ClCompile Include="imgui.cpp">
      <Filter>UI\imgui</Filter>
    </ClCompile>
    <ClCompile Include="imgui_demo.cpp">
      <Filter>UI\imgui</Filter>
    </ClCompile>
    <ClCompile Include="imgui_draw.cpp">
      <Filter>UI\imgui</Filter>
    </ClCompile>
    <ClCompile Include="imgui_tables.cpp">
      <Filter>UI\imgui</Filter>
    </ClCompile>
    <ClCompile Include="imgui_widgets.cpp">
      <Filter>UI\imgui</Filter>
    </ClCompile>
    <ClCompile Include="Engine.cpp">
      <Filter>Engine</Filter>
    </ClCompile>
    <ClCompile Include="Engine.ixx">
      <Filter>Engine</Filter>
    </ClCompile>
    <ClCompile Include="Timer.ixx">
      <Filter>Timer</Filter>
    </ClCompile>
    <ClCompile Include="Demos.ixx">
      <Filter>Demos</Filter>
    </ClCompile>
    <ClCompile Include="Demos.cpp">
      <Filter>Demos</Filter>
    </ClCompile>
    <ClCompile Include="imgui_impl_glfw.cpp">
      <Filter>UI\imgui</Filter>
    </ClCompile>
    <ClCompile Include="imgui_impl_opengl3.cpp">
      <Filter>UI\imgui</Filter>
    </ClCompile>
    <ClCompile Include="GameObject.ixx">
      <Filter>Engine\GameObject</Filter>
    </ClCompile>
    <ClCompile Include="UI_Able.ixx">
      <Filter>UI</Filter>
    </ClCompile>
    <ClCompile Include="Scene.cpp">
      <Filter>Engine\Scene</Filter>
    </ClCompile>
    <ClCompile Include="Scene.ixx">
      <Filter>Engine\Scene</Filter>
    </ClCompile>
    <ClCompile Include="GameObject.cpp">
      <Filter>Engine\GameObject</Filter>
    </ClCompile>
    <ClCompile Include="Component.ixx">
      <Filter>Engine\Component</Filter>
    </ClCompile>
    <ClCompile Include="Loom.ixx" />
    <ClCompile Include="Buffer.ixx">
      <Filter>Buffer</Filter>
    </ClCompile>
    <ClCompile Include="Buffer.cpp">
      <Filter>Buffer</Filter>
    </ClCompile>
    <ClCompile Include="Geometry.cpp">
      <Filter>Geometry</Filter>
    </ClCompile>
    <ClCompile Include="Geometry.ixx">
      <Filter>Geometry</Filter>
    </ClCompile>
  </ItemGroup>
  <ItemGroup>
    <Filter Include="DLLs">
      <UniqueIdentifier>{795273c3-d61c-47aa-b46a-2b662059117d}</UniqueIdentifier>
    </Filter>
    <Filter Include="UI">
      <UniqueIdentifier>{cc1664b0-2fd1-4ec5-81fd-9ea863db1595}</UniqueIdentifier>
    </Filter>
    <Filter Include="UI\imgui">
      <UniqueIdentifier>{df5642c3-c1d9-4139-b46d-0cba51ce63b2}</UniqueIdentifier>
    </Filter>
    <Filter Include="Engine">
      <UniqueIdentifier>{4f94141a-f048-4d6b-aae1-53776a304f44}</UniqueIdentifier>
    </Filter>
    <Filter Include="Timer">
      <UniqueIdentifier>{e0e155f3-797f-43db-a42a-300a9fa355b4}</UniqueIdentifier>
    </Filter>
    <Filter Include="Demos">
      <UniqueIdentifier>{5755ff19-c34d-4cfc-9ba8-48ac64fd2b62}</UniqueIdentifier>
    </Filter>
    <Filter Include="Engine\GameObject">
      <UniqueIdentifier>{7fcc9bc6-06ea-4e15-8348-2d9e927ddc3f}</UniqueIdentifier>
    </Filter>
    <Filter Include="Engine\Scene">
      <UniqueIdentifier>{80418e62-2da1-4fb2-93f8-2ae4fb58d99f}</UniqueIdentifier>
    </Filter>
    <Filter Include="Engine\Component">
      <UniqueIdentifier>{d94a1dea-6721-415a-ba5f-6716f9e06bbb}</UniqueIdentifier>
    </Filter>
    <Filter Include="Buffer">
      <UniqueIdentifier>{e98a62ce-c484-452c-8233-830dbecf5565}</UniqueIdentifier>
    </Filter>
    <Filter Include="Geometry">
      <UniqueIdentifier>{ffad4dc7-a36f-407e-9a94-03f7dc6d0136}</UniqueIdentifier>
    </Filter>
  </ItemGroup>
  <ItemGroup>
    <None Include="glfw3.dll">
      <Filter>DLLs</Filter>
    </None>
    <None Include="opengl32.dll">
      <Filter>DLLs</Filter>
    </None>
  </ItemGroup>
  <ItemGroup>
    <ClInclude Include="imconfig.h">
      <Filter>UI\imgui</Filter>
    </ClInclude>
    <ClInclude Include="imgui.h">
      <Filter>UI\imgui</Filter>
    </ClInclude>
    <ClInclude Include="imgui_internal.h">
      <Filter>UI\imgui</Filter>
    </ClInclude>
    <ClInclude Include="imstb_rectpack.h">
      <Filter>UI\imgui</Filter>
    </ClInclude>
    <ClInclude Include="imstb_textedit.h">
      <Filter>UI\imgui</Filter>
    </ClInclude>
    <ClInclude Include="imstb_truetype.h">
      <Filter>UI\imgui</Filter>
    </ClInclude>
    <ClInclude Include="Definitions.hpp" />
    <ClInclude Include="imgui_impl_glfw.h">
      <Filter>UI\imgui</Filter>
    </ClInclude>
    <ClInclude Include="imgui_impl_opengl3.h">
      <Filter>UI\imgui</Filter>
    </ClInclude>
    <ClInclude Include="imgui_impl_opengl3_loader.h">
      <Filter>UI\imgui</Filter>
    </ClInclude>
    <ClInclude Include="Buffer.cuh">
      <Filter>Buffer</Filter>
    </ClInclude>
    <ClInclude Include="Geometry.cuh">
      <Filter>Geometry</Filter>
    </ClInclude>
  </ItemGroup>
  <ItemGroup>
    <CudaCompile Include="Buffer.cu">
      <Filter>Buffer</Filter>
    </CudaCompile>
    <CudaCompile Include="Geometry.cu">
      <Filter>Geometry</Filter>
    </CudaCompile>
  </ItemGroup>
</Project>