<?xml version="1.0" encoding="utf-8"?>
<Project ToolsVersion="4.0" xmlns="http://schemas.microsoft.com/developer/msbuild/2003">
  <ItemGroup>
    <Filter Include="Networking">
      <UniqueIdentifier>{3a254934-c445-4c4f-aa82-2adbbbd8c694}</UniqueIdentifier>
    </Filter>
  </ItemGroup>
  <ItemGroup>
    <ClInclude Include="..\Networking\Networking.h">
      <Filter>Networking</Filter>
    </ClInclude>
  </ItemGroup>
  <ItemGroup>
    <ClCompile Include="..\Networking\Networking.cpp">
      <Filter>Networking</Filter>
    </ClCompile>
    <ClCompile Include="main_server.cpp" />
  </ItemGroup>
</Project>