<?xml version="1.0" encoding="utf-8"?>
<Project ToolsVersion="4.0" xmlns="http://schemas.microsoft.com/developer/msbuild/2003">
  <ItemGroup>
    <Filter Include="Vector">
      <UniqueIdentifier>{49f75a3a-cc66-47a8-9f90-cda1df802898}</UniqueIdentifier>
    </Filter>
  </ItemGroup>
  <ItemGroup>
    <ClInclude Include="Vector.h">
      <Filter>Vector</Filter>
    </ClInclude>
    <ClInclude Include="Loom Math.hpp" />
    <ClInclude Include="Globals.h" />
  </ItemGroup>
  <ItemGroup>
    <ClCompile Include="Vector.cpp">
      <Filter>Vector</Filter>
    </ClCompile>
    <ClCompile Include="Globals.cpp" />
  </ItemGroup>
</Project>