<?xml version="1.0" encoding="utf-8"?>
<Project ToolsVersion="4.0" xmlns="http://schemas.microsoft.com/developer/msbuild/2003">
  <ItemGroup>
    <ClCompile Include="pong_client_main.cpp" />
    <ClCompile Include="..\Loom\Networking.cpp">
      <Filter>Loom\Networking</Filter>
    </ClCompile>
    <ClCompile Include="..\Pong\State.cpp">
      <Filter>Networking</Filter>
    </ClCompile>
  </ItemGroup>
  <ItemGroup>
    <Filter Include="Loom">
      <UniqueIdentifier>{5bb85466-f182-45bf-96f6-1e12fecad93e}</UniqueIdentifier>
    </Filter>
    <Filter Include="Loom\Networking">
      <UniqueIdentifier>{1a3975d5-0b9a-4771-8b57-b2c0f7fafa36}</UniqueIdentifier>
    </Filter>
    <Filter Include="Networking">
      <UniqueIdentifier>{5a1be0c1-3cf2-4a78-a08b-7b1af1411eca}</UniqueIdentifier>
    </Filter>
  </ItemGroup>
  <ItemGroup>
    <ClInclude Include="..\Loom\Networking.h">
      <Filter>Loom\Networking</Filter>
    </ClInclude>
    <ClInclude Include="..\Pong\State.h">
      <Filter>Networking</Filter>
    </ClInclude>
  </ItemGroup>
</Project>