<?xml version="1.0" encoding="utf-8"?>
<Project ToolsVersion="4.0" xmlns="http://schemas.microsoft.com/developer/msbuild/2003">
  <ItemGroup>
    <ClCompile Include="Engine.cpp">
      <Filter>Engine</Filter>
    </ClCompile>
    <ClCompile Include="Engine.ixx">
      <Filter>Engine</Filter>
    </ClCompile>
    <ClCompile Include="Timer.ixx">
      <Filter>Timer</Filter>
    </ClCompile>
    <ClCompile Include="Demos.ixx">
      <Filter>Demos</Filter>
    </ClCompile>
    <ClCompile Include="Demos.cpp">
      <Filter>Demos</Filter>
    </ClCompile>
    <ClCompile Include="GameObject.ixx">
      <Filter>Engine\GameObject</Filter>
    </ClCompile>
    <ClCompile Include="Scene.cpp">
      <Filter>Engine\Scene</Filter>
    </ClCompile>
    <ClCompile Include="Scene.ixx">
      <Filter>Engine\Scene</Filter>
    </ClCompile>
    <ClCompile Include="GameObject.cpp">
      <Filter>Engine\GameObject</Filter>
    </ClCompile>
    <ClCompile Include="Component.ixx">
      <Filter>Engine\Component</Filter>
    </ClCompile>
    <ClCompile Include="Buffer.ixx">
      <Filter>Buffer</Filter>
    </ClCompile>
    <ClCompile Include="Buffer.cpp">
      <Filter>Buffer</Filter>
    </ClCompile>
    <ClCompile Include="Geometry.cpp">
      <Filter>Geometry</Filter>
    </ClCompile>
    <ClCompile Include="Geometry.ixx">
      <Filter>Geometry</Filter>
    </ClCompile>
    <ClCompile Include="Main Menu.cpp">
      <Filter>Main Menu</Filter>
    </ClCompile>
    <ClCompile Include="Main Menu.ixx">
      <Filter>Main Menu</Filter>
    </ClCompile>
    <ClCompile Include="Mesh.ixx">
      <Filter>Engine</Filter>
    </ClCompile>
    <ClCompile Include="Serialize.ixx" />
    <ClCompile Include="LoomObject.cpp">
      <Filter>Loom Object</Filter>
    </ClCompile>
    <ClCompile Include="LoomObject.ixx">
      <Filter>Loom Object</Filter>
    </ClCompile>
  </ItemGroup>
  <ItemGroup>
    <Filter Include="DLLs">
      <UniqueIdentifier>{795273c3-d61c-47aa-b46a-2b662059117d}</UniqueIdentifier>
    </Filter>
    <Filter Include="Engine">
      <UniqueIdentifier>{4f94141a-f048-4d6b-aae1-53776a304f44}</UniqueIdentifier>
    </Filter>
    <Filter Include="Timer">
      <UniqueIdentifier>{e0e155f3-797f-43db-a42a-300a9fa355b4}</UniqueIdentifier>
    </Filter>
    <Filter Include="Demos">
      <UniqueIdentifier>{5755ff19-c34d-4cfc-9ba8-48ac64fd2b62}</UniqueIdentifier>
    </Filter>
    <Filter Include="Engine\GameObject">
      <UniqueIdentifier>{7fcc9bc6-06ea-4e15-8348-2d9e927ddc3f}</UniqueIdentifier>
    </Filter>
    <Filter Include="Engine\Scene">
      <UniqueIdentifier>{80418e62-2da1-4fb2-93f8-2ae4fb58d99f}</UniqueIdentifier>
    </Filter>
    <Filter Include="Engine\Component">
      <UniqueIdentifier>{d94a1dea-6721-415a-ba5f-6716f9e06bbb}</UniqueIdentifier>
    </Filter>
    <Filter Include="Buffer">
      <UniqueIdentifier>{e98a62ce-c484-452c-8233-830dbecf5565}</UniqueIdentifier>
    </Filter>
    <Filter Include="Geometry">
      <UniqueIdentifier>{ffad4dc7-a36f-407e-9a94-03f7dc6d0136}</UniqueIdentifier>
    </Filter>
    <Filter Include="Main Menu">
      <UniqueIdentifier>{99f0d1b9-7f91-4c22-a255-e4490f70ea4a}</UniqueIdentifier>
    </Filter>
    <Filter Include="Loom Object">
      <UniqueIdentifier>{9af156b8-2595-4462-a560-fae2517d09c9}</UniqueIdentifier>
    </Filter>
  </ItemGroup>
  <ItemGroup>
    <None Include="glfw3.dll">
      <Filter>DLLs</Filter>
    </None>
    <None Include="opengl32.dll">
      <Filter>DLLs</Filter>
    </None>
    <None Include="glew32.dll">
      <Filter>DLLs</Filter>
    </None>
  </ItemGroup>
  <ItemGroup>
    <ClInclude Include="Buffer.cuh">
      <Filter>Buffer</Filter>
    </ClInclude>
    <ClInclude Include="Geometry.cuh">
      <Filter>Geometry</Filter>
    </ClInclude>
    <ClInclude Include="Macro Helpers.h" />
    <ClInclude Include="Debug.hpp" />
  </ItemGroup>
  <ItemGroup>
    <CudaCompile Include="Buffer.cu">
      <Filter>Buffer</Filter>
    </CudaCompile>
    <CudaCompile Include="Geometry.cu">
      <Filter>Geometry</Filter>
    </CudaCompile>
  </ItemGroup>
</Project>